Microsoft Visual Studio Solution File, Format Version 11.00
# Visual Studio 2008

Project("{5BFE6581-D54A-D3C2-3525-3B077096389B}") = "Trainings", "Assembly-CSharp.csproj", "{316FD0C0-ADDF-C28D-68D0-8D8AC45A9F01}"
EndProject
Global
	GlobalSection(SolutionConfigurationPlatforms) = preSolution
		Debug|Any CPU = Debug|Any CPU
		Release|Any CPU = Release|Any CPU
	EndGlobalSection
	GlobalSection(ProjectConfigurationPlatforms) = postSolution
		{316FD0C0-ADDF-C28D-68D0-8D8AC45A9F01}.Debug|Any CPU.ActiveCfg = Debug|Any CPU
		{316FD0C0-ADDF-C28D-68D0-8D8AC45A9F01}.Debug|Any CPU.Build.0 = Debug|Any CPU
		{316FD0C0-ADDF-C28D-68D0-8D8AC45A9F01}.Release|Any CPU.ActiveCfg = Release|Any CPU
		{316FD0C0-ADDF-C28D-68D0-8D8AC45A9F01}.Release|Any CPU.Build.0 = Release|Any CPU
	EndGlobalSection
	GlobalSection(SolutionProperties) = preSolution
		HideSolutionNode = FALSE
	EndGlobalSection
	GlobalSection(MonoDevelopProperties) = preSolution
		StartupItem = Assembly-CSharp.csproj
	EndGlobalSection
EndGlobal
